
Microsoft Visual Studio Solution File, Format Version 12.00
# Visual Studio 15
VisualStudioVersion = 15.0.28307.421
MinimumVisualStudioVersion = 10.0.40219.1
Project("{FAE04EC0-301F-11D3-BF4B-00C04F79EFBC}") = "Domasna", "Domasna\Domasna.csproj", "{D73AFFEA-DA3C-431C-8A92-66E4B6296899}"
EndProject
Global
	GlobalSection(SolutionConfigurationPlatforms) = preSolution
		Debug|Any CPU = Debug|Any CPU
		Release|Any CPU = Release|Any CPU
	EndGlobalSection
	GlobalSection(ProjectConfigurationPlatforms) = postSolution
		{D73AFFEA-DA3C-431C-8A92-66E4B6296899}.Debug|Any CPU.ActiveCfg = Debug|Any CPU
		{D73AFFEA-DA3C-431C-8A92-66E4B6296899}.Debug|Any CPU.Build.0 = Debug|Any CPU
		{D73AFFEA-DA3C-431C-8A92-66E4B6296899}.Release|Any CPU.ActiveCfg = Release|Any CPU
		{D73AFFEA-DA3C-431C-8A92-66E4B6296899}.Release|Any CPU.Build.0 = Release|Any CPU
	EndGlobalSection
	GlobalSection(SolutionProperties) = preSolution
		HideSolutionNode = FALSE
	EndGlobalSection
	GlobalSection(ExtensibilityGlobals) = postSolution
		SolutionGuid = {D22916C1-F3F1-46A8-A97E-475A9992BB4E}
	EndGlobalSection
EndGlobal
