
Microsoft Visual Studio Solution File, Format Version 12.00
# Visual Studio 15
VisualStudioVersion = 15.0.28307.421
MinimumVisualStudioVersion = 10.0.40219.1
Project("{FAE04EC0-301F-11D3-BF4B-00C04F79EFBC}") = "Class 10 - exercises", "Class 10 - exercises\Class 10 - exercises.csproj", "{A6AE423D-BB10-456B-AFCB-8DBB7D172CBC}"
EndProject
Project("{FAE04EC0-301F-11D3-BF4B-00C04F79EFBC}") = "ClassLibrary", "ClassLibrary\ClassLibrary.csproj", "{F2502C4A-AD7F-42D7-A4F0-FD7C0198DB3B}"
EndProject
Global
	GlobalSection(SolutionConfigurationPlatforms) = preSolution
		Debug|Any CPU = Debug|Any CPU
		Release|Any CPU = Release|Any CPU
	EndGlobalSection
	GlobalSection(ProjectConfigurationPlatforms) = postSolution
		{A6AE423D-BB10-456B-AFCB-8DBB7D172CBC}.Debug|Any CPU.ActiveCfg = Debug|Any CPU
		{A6AE423D-BB10-456B-AFCB-8DBB7D172CBC}.Debug|Any CPU.Build.0 = Debug|Any CPU
		{A6AE423D-BB10-456B-AFCB-8DBB7D172CBC}.Release|Any CPU.ActiveCfg = Release|Any CPU
		{A6AE423D-BB10-456B-AFCB-8DBB7D172CBC}.Release|Any CPU.Build.0 = Release|Any CPU
		{F2502C4A-AD7F-42D7-A4F0-FD7C0198DB3B}.Debug|Any CPU.ActiveCfg = Debug|Any CPU
		{F2502C4A-AD7F-42D7-A4F0-FD7C0198DB3B}.Debug|Any CPU.Build.0 = Debug|Any CPU
		{F2502C4A-AD7F-42D7-A4F0-FD7C0198DB3B}.Release|Any CPU.ActiveCfg = Release|Any CPU
		{F2502C4A-AD7F-42D7-A4F0-FD7C0198DB3B}.Release|Any CPU.Build.0 = Release|Any CPU
	EndGlobalSection
	GlobalSection(SolutionProperties) = preSolution
		HideSolutionNode = FALSE
	EndGlobalSection
	GlobalSection(ExtensibilityGlobals) = postSolution
		SolutionGuid = {897DBCC4-BE65-4634-BF51-A02331A76A1A}
	EndGlobalSection
EndGlobal
